
Microsoft Visual Studio Solution File, Format Version 12.00
# Visual Studio Version 17
VisualStudioVersion = 17.13.35818.85
MinimumVisualStudioVersion = 10.0.40219.1
Project("{FAE04EC0-301F-11D3-BF4B-00C04F79EFBC}") = "Gestor", "Login\Gestor.csproj", "{1C501F23-E2E0-4576-85BD-5AA4A52CD08D}"
EndProject
Project("{2150E333-8FDC-42A3-9474-1A3956D46DE8}") = "Recursos", "Recursos", "{02EA681E-C7D8-13C7-8484-4AC65E1B71E8}"
	ProjectSection(SolutionItems) = preProject
		..\..\..\Downloads\4b2af5bf7a44e6155009fce6feddf4fb.jpg = ..\..\..\Downloads\4b2af5bf7a44e6155009fce6feddf4fb.jpg
		D:\Descargas\back.png = D:\Descargas\back.png
		D:\Descargas\facebook.png = D:\Descargas\facebook.png
		D:\Descargas\logo.jpg = D:\Descargas\logo.jpg
		..\..\..\Downloads\logo.png = ..\..\..\Downloads\logo.png
		D:\Descargas\twitter.png = D:\Descargas\twitter.png
	EndProjectSection
EndProject
Global
	GlobalSection(SolutionConfigurationPlatforms) = preSolution
		Debug|Any CPU = Debug|Any CPU
		Release|Any CPU = Release|Any CPU
	EndGlobalSection
	GlobalSection(ProjectConfigurationPlatforms) = postSolution
		{1C501F23-E2E0-4576-85BD-5AA4A52CD08D}.Debug|Any CPU.ActiveCfg = Debug|Any CPU
		{1C501F23-E2E0-4576-85BD-5AA4A52CD08D}.Debug|Any CPU.Build.0 = Debug|Any CPU
		{1C501F23-E2E0-4576-85BD-5AA4A52CD08D}.Release|Any CPU.ActiveCfg = Release|Any CPU
		{1C501F23-E2E0-4576-85BD-5AA4A52CD08D}.Release|Any CPU.Build.0 = Release|Any CPU
	EndGlobalSection
	GlobalSection(SolutionProperties) = preSolution
		HideSolutionNode = FALSE
	EndGlobalSection
	GlobalSection(ExtensibilityGlobals) = postSolution
		SolutionGuid = {82E77175-20D1-48A7-9D24-66E57584ECB7}
	EndGlobalSection
EndGlobal
